
Microsoft Visual Studio Solution File, Format Version 12.00
# Visual Studio 14
VisualStudioVersion = 14.0.24720.0
MinimumVisualStudioVersion = 10.0.40219.1
Project("{FAE04EC0-301F-11D3-BF4B-00C04F79EFBC}") = "ReadExcelProject", "ReadExcelProject\ReadExcelProject.csproj", "{B04889E4-A580-4BC2-B956-206FEE4B86A6}"
EndProject
Project("{54435603-DBB4-11D2-8724-00A0C9A8B90C}") = "SetupProject", "SetupProject\SetupProject.vdproj", "{7CF095CC-31DB-4FD6-ACF2-EE521E27A160}"
EndProject
Global
	GlobalSection(SolutionConfigurationPlatforms) = preSolution
		Debug|Any CPU = Debug|Any CPU
		Release|Any CPU = Release|Any CPU
	EndGlobalSection
	GlobalSection(ProjectConfigurationPlatforms) = postSolution
		{B04889E4-A580-4BC2-B956-206FEE4B86A6}.Debug|Any CPU.ActiveCfg = Debug|Any CPU
		{B04889E4-A580-4BC2-B956-206FEE4B86A6}.Debug|Any CPU.Build.0 = Debug|Any CPU
		{B04889E4-A580-4BC2-B956-206FEE4B86A6}.Release|Any CPU.ActiveCfg = Release|Any CPU
		{B04889E4-A580-4BC2-B956-206FEE4B86A6}.Release|Any CPU.Build.0 = Release|Any CPU
		{7CF095CC-31DB-4FD6-ACF2-EE521E27A160}.Debug|Any CPU.ActiveCfg = Debug
		{7CF095CC-31DB-4FD6-ACF2-EE521E27A160}.Release|Any CPU.ActiveCfg = Release
		{7CF095CC-31DB-4FD6-ACF2-EE521E27A160}.Release|Any CPU.Build.0 = Release
	EndGlobalSection
	GlobalSection(SolutionProperties) = preSolution
		HideSolutionNode = FALSE
	EndGlobalSection
	GlobalSection(SolutionConfigurationPlatforms) = preSolution
		Debug|Any CPU = Debug|Any CPU
		Release|Any CPU = Release|Any CPU
	EndGlobalSection
EndGlobal
